
Microsoft Visual Studio Solution File, Format Version 12.00
# Visual Studio Version 16
VisualStudioVersion = 16.0.31729.503
MinimumVisualStudioVersion = 10.0.40219.1
Project("{FAE04EC0-301F-11D3-BF4B-00C04F79EFBC}") = "Datatables", "Datatables\Datatables.csproj", "{A0BFFB74-9B0F-441D-A5E4-1CADDEF857C3}"
EndProject
Global
	GlobalSection(SolutionConfigurationPlatforms) = preSolution
		Debug|Any CPU = Debug|Any CPU
		Release|Any CPU = Release|Any CPU
	EndGlobalSection
	GlobalSection(ProjectConfigurationPlatforms) = postSolution
		{A0BFFB74-9B0F-441D-A5E4-1CADDEF857C3}.Debug|Any CPU.ActiveCfg = Debug|Any CPU
		{A0BFFB74-9B0F-441D-A5E4-1CADDEF857C3}.Debug|Any CPU.Build.0 = Debug|Any CPU
		{A0BFFB74-9B0F-441D-A5E4-1CADDEF857C3}.Release|Any CPU.ActiveCfg = Release|Any CPU
		{A0BFFB74-9B0F-441D-A5E4-1CADDEF857C3}.Release|Any CPU.Build.0 = Release|Any CPU
	EndGlobalSection
	GlobalSection(SolutionProperties) = preSolution
		HideSolutionNode = FALSE
	EndGlobalSection
	GlobalSection(ExtensibilityGlobals) = postSolution
		SolutionGuid = {1D0C158C-FB39-4D6D-A176-A8B92442082C}
	EndGlobalSection
EndGlobal
